
Microsoft Visual Studio Solution File, Format Version 12.00
# Visual Studio Version 16
VisualStudioVersion = 16.0.31205.134
MinimumVisualStudioVersion = 10.0.40219.1
Project("{FAE04EC0-301F-11D3-BF4B-00C04F79EFBC}") = "Cafe", "GoldBadgeChallenges\Cafe.csproj", "{D275873E-32A4-4A6D-986A-B17936458E00}"
EndProject
Project("{FAE04EC0-301F-11D3-BF4B-00C04F79EFBC}") = "CafeUnitTest", "CafeUnitTest\CafeUnitTest.csproj", "{3D79C6EF-C83D-4442-8899-12A582F9F0A1}"
EndProject
Project("{FAE04EC0-301F-11D3-BF4B-00C04F79EFBC}") = "CafeConsoleApp", "CafeConsoleApp\CafeConsoleApp.csproj", "{BBFEB628-F282-468A-9FDE-FC65086D5CE5}"
EndProject
Project("{FAE04EC0-301F-11D3-BF4B-00C04F79EFBC}") = "ClaimsConsoleApp", "ClaimsConsoleApp\ClaimsConsoleApp.csproj", "{D6D53727-D7C2-44C6-B0FD-FA3AF005B5E4}"
EndProject
Project("{FAE04EC0-301F-11D3-BF4B-00C04F79EFBC}") = "ClaimsTests", "ClaimsTests\ClaimsTests.csproj", "{6C04C054-9384-40F0-8D82-B276EE40F2DC}"
EndProject
Project("{FAE04EC0-301F-11D3-BF4B-00C04F79EFBC}") = "Claims", "Claims\Claims.csproj", "{AEBCF432-B86B-4588-909D-B4BE9AA73651}"
EndProject
Project("{FAE04EC0-301F-11D3-BF4B-00C04F79EFBC}") = "BadgesTests", "BadgesTests\BadgesTests.csproj", "{BBE3B910-D639-437D-90A4-76DDBB325060}"
EndProject
Project("{FAE04EC0-301F-11D3-BF4B-00C04F79EFBC}") = "BadgesConsoleApp", "BadgesConsoleApp\BadgesConsoleApp.csproj", "{35C609CA-CD40-4303-89C9-286C0717698D}"
EndProject
Project("{FAE04EC0-301F-11D3-BF4B-00C04F79EFBC}") = "Badges", "Badges\Badges.csproj", "{8B3905CF-0759-492B-AA29-49F6E7D1D5FF}"
EndProject
Global
	GlobalSection(SolutionConfigurationPlatforms) = preSolution
		Debug|Any CPU = Debug|Any CPU
		Release|Any CPU = Release|Any CPU
	EndGlobalSection
	GlobalSection(ProjectConfigurationPlatforms) = postSolution
		{D275873E-32A4-4A6D-986A-B17936458E00}.Debug|Any CPU.ActiveCfg = Debug|Any CPU
		{D275873E-32A4-4A6D-986A-B17936458E00}.Debug|Any CPU.Build.0 = Debug|Any CPU
		{D275873E-32A4-4A6D-986A-B17936458E00}.Release|Any CPU.ActiveCfg = Release|Any CPU
		{D275873E-32A4-4A6D-986A-B17936458E00}.Release|Any CPU.Build.0 = Release|Any CPU
		{3D79C6EF-C83D-4442-8899-12A582F9F0A1}.Debug|Any CPU.ActiveCfg = Debug|Any CPU
		{3D79C6EF-C83D-4442-8899-12A582F9F0A1}.Debug|Any CPU.Build.0 = Debug|Any CPU
		{3D79C6EF-C83D-4442-8899-12A582F9F0A1}.Release|Any CPU.ActiveCfg = Release|Any CPU
		{3D79C6EF-C83D-4442-8899-12A582F9F0A1}.Release|Any CPU.Build.0 = Release|Any CPU
		{BBFEB628-F282-468A-9FDE-FC65086D5CE5}.Debug|Any CPU.ActiveCfg = Debug|Any CPU
		{BBFEB628-F282-468A-9FDE-FC65086D5CE5}.Debug|Any CPU.Build.0 = Debug|Any CPU
		{BBFEB628-F282-468A-9FDE-FC65086D5CE5}.Release|Any CPU.ActiveCfg = Release|Any CPU
		{BBFEB628-F282-468A-9FDE-FC65086D5CE5}.Release|Any CPU.Build.0 = Release|Any CPU
		{D6D53727-D7C2-44C6-B0FD-FA3AF005B5E4}.Debug|Any CPU.ActiveCfg = Debug|Any CPU
		{D6D53727-D7C2-44C6-B0FD-FA3AF005B5E4}.Debug|Any CPU.Build.0 = Debug|Any CPU
		{D6D53727-D7C2-44C6-B0FD-FA3AF005B5E4}.Release|Any CPU.ActiveCfg = Release|Any CPU
		{D6D53727-D7C2-44C6-B0FD-FA3AF005B5E4}.Release|Any CPU.Build.0 = Release|Any CPU
		{6C04C054-9384-40F0-8D82-B276EE40F2DC}.Debug|Any CPU.ActiveCfg = Debug|Any CPU
		{6C04C054-9384-40F0-8D82-B276EE40F2DC}.Debug|Any CPU.Build.0 = Debug|Any CPU
		{6C04C054-9384-40F0-8D82-B276EE40F2DC}.Release|Any CPU.ActiveCfg = Release|Any CPU
		{6C04C054-9384-40F0-8D82-B276EE40F2DC}.Release|Any CPU.Build.0 = Release|Any CPU
		{AEBCF432-B86B-4588-909D-B4BE9AA73651}.Debug|Any CPU.ActiveCfg = Debug|Any CPU
		{AEBCF432-B86B-4588-909D-B4BE9AA73651}.Debug|Any CPU.Build.0 = Debug|Any CPU
		{AEBCF432-B86B-4588-909D-B4BE9AA73651}.Release|Any CPU.ActiveCfg = Release|Any CPU
		{AEBCF432-B86B-4588-909D-B4BE9AA73651}.Release|Any CPU.Build.0 = Release|Any CPU
		{BBE3B910-D639-437D-90A4-76DDBB325060}.Debug|Any CPU.ActiveCfg = Debug|Any CPU
		{BBE3B910-D639-437D-90A4-76DDBB325060}.Debug|Any CPU.Build.0 = Debug|Any CPU
		{BBE3B910-D639-437D-90A4-76DDBB325060}.Release|Any CPU.ActiveCfg = Release|Any CPU
		{BBE3B910-D639-437D-90A4-76DDBB325060}.Release|Any CPU.Build.0 = Release|Any CPU
		{35C609CA-CD40-4303-89C9-286C0717698D}.Debug|Any CPU.ActiveCfg = Debug|Any CPU
		{35C609CA-CD40-4303-89C9-286C0717698D}.Debug|Any CPU.Build.0 = Debug|Any CPU
		{35C609CA-CD40-4303-89C9-286C0717698D}.Release|Any CPU.ActiveCfg = Release|Any CPU
		{35C609CA-CD40-4303-89C9-286C0717698D}.Release|Any CPU.Build.0 = Release|Any CPU
		{8B3905CF-0759-492B-AA29-49F6E7D1D5FF}.Debug|Any CPU.ActiveCfg = Debug|Any CPU
		{8B3905CF-0759-492B-AA29-49F6E7D1D5FF}.Debug|Any CPU.Build.0 = Debug|Any CPU
		{8B3905CF-0759-492B-AA29-49F6E7D1D5FF}.Release|Any CPU.ActiveCfg = Release|Any CPU
		{8B3905CF-0759-492B-AA29-49F6E7D1D5FF}.Release|Any CPU.Build.0 = Release|Any CPU
	EndGlobalSection
	GlobalSection(SolutionProperties) = preSolution
		HideSolutionNode = FALSE
	EndGlobalSection
	GlobalSection(ExtensibilityGlobals) = postSolution
		SolutionGuid = {9AFC130C-3CEF-4FBA-BBD5-D54B6ACEC644}
	EndGlobalSection
EndGlobal
